{
  "name": "@kilterset/auth0-actions-testing",
  "version": "0.3.5",
  "lockfileVersion": 3,
  "requires": true,
  "packages": {
    "": {
      "name": "@kilterset/auth0-actions-testing",
      "version": "0.3.5",
      "license": "ISC",
      "dependencies": {
        "@types/chance": "^1.1.6",
        "@types/fetch-mock": "^7.3.8",
        "@types/node": "^18.15.3",
        "chance": "^1.1.11",
        "fetch-mock": "^11.1.5",
        "fishery": "^2.2.2",
        "typescript": "^5.3.3"
      }
    },
    "node_modules/@types/chance": {
      "version": "1.1.6",
      "resolved": "https://registry.npmjs.org/@types/chance/-/chance-1.1.6.tgz",
      "integrity": "sha512-V+pm3stv1Mvz8fSKJJod6CglNGVqEQ6OyuqitoDkWywEODM/eJd1eSuIp9xt6DrX8BWZ2eDSIzbw1tPCUTvGbQ==",
      "license": "MIT"
    },
    "node_modules/@types/fetch-mock": {
      "version": "7.3.8",
      "resolved": "https://registry.npmjs.org/@types/fetch-mock/-/fetch-mock-7.3.8.tgz",
      "integrity": "sha512-ztsIGiyUvD0GaqPc9/hb8k20gnr6lupqA6SFtqt+8v2mtHhNO/Ebb6/b7N6af/7x0A7s1C8nxrEGzajMBqz8qA==",
      "license": "MIT"
    },
    "node_modules/@types/glob-to-regexp": {
      "version": "0.4.4",
      "resolved": "https://registry.npmjs.org/@types/glob-to-regexp/-/glob-to-regexp-0.4.4.tgz",
      "integrity": "sha512-nDKoaKJYbnn1MZxUY0cA1bPmmgZbg0cTq7Rh13d0KWYNOiKbqoR+2d89SnRPszGh7ROzSwZ/GOjZ4jPbmmZ6Eg==",
      "license": "MIT"
    },
    "node_modules/@types/node": {
      "version": "18.19.79",
      "resolved": "https://registry.npmjs.org/@types/node/-/node-18.19.79.tgz",
      "integrity": "sha512-90K8Oayimbctc5zTPHPfZloc/lGVs7f3phUAAMcTgEPtg8kKquGZDERC8K4vkBYkQQh48msiYUslYtxTWvqcAg==",
      "dependencies": {
        "undici-types": "~5.26.4"
      }
    },
    "node_modules/chance": {
      "version": "1.1.12",
      "resolved": "https://registry.npmjs.org/chance/-/chance-1.1.12.tgz",
      "integrity": "sha512-vVBIGQVnwtUG+SYe0ge+3MvF78cvSpuCOEUJr7sVEk2vSBuMW6OXNJjSzdtzrlxNUEaoqH2GBd5Y/+18BEB01Q==",
      "license": "MIT"
    },
    "node_modules/dequal": {
      "version": "2.0.3",
      "resolved": "https://registry.npmjs.org/dequal/-/dequal-2.0.3.tgz",
      "integrity": "sha512-0je+qPKHEMohvfRTCEo3CrPG6cAzAYgmzKyxRiYSSDkS6eGJdyVJm7WaYA5ECaAD9wLB2T4EEeymA5aFVcYXCA==",
      "license": "MIT",
      "engines": {
        "node": ">=6"
      }
    },
    "node_modules/fetch-mock": {
      "version": "11.1.5",
      "resolved": "https://registry.npmjs.org/fetch-mock/-/fetch-mock-11.1.5.tgz",
      "integrity": "sha512-KHmZDnZ1ry0pCTrX4YG5DtThHi0MH+GNI9caESnzX/nMJBrvppUHMvLx47M0WY9oAtKOMiPfZDRpxhlHg89BOA==",
      "license": "MIT",
      "dependencies": {
        "@types/glob-to-regexp": "^0.4.4",
        "dequal": "^2.0.3",
        "glob-to-regexp": "^0.4.1",
        "is-subset": "^0.1.1",
        "regexparam": "^3.0.0"
      },
      "engines": {
        "node": ">=8.0.0"
      },
      "peerDependenciesMeta": {
        "node-fetch": {
          "optional": true
        }
      }
    },
    "node_modules/fishery": {
      "version": "2.2.3",
      "resolved": "https://registry.npmjs.org/fishery/-/fishery-2.2.3.tgz",
      "integrity": "sha512-Rbp1PCPjNS5Yyuw2tRhVQ59wZ5Ciwv5+latMNx7JjhoZ5JF1TMgzs8J93wKYesLf3WXdXHovjY5dIDkf2EbMDw==",
      "license": "MIT",
      "dependencies": {
        "lodash.mergewith": "^4.6.2"
      }
    },
    "node_modules/glob-to-regexp": {
      "version": "0.4.1",
      "resolved": "https://registry.npmjs.org/glob-to-regexp/-/glob-to-regexp-0.4.1.tgz",
      "integrity": "sha512-lkX1HJXwyMcprw/5YUZc2s7DrpAiHB21/V+E1rHUrVNokkvB6bqMzT0VfV6/86ZNabt1k14YOIaT7nDvOX3Iiw==",
      "license": "BSD-2-Clause"
    },
    "node_modules/is-subset": {
      "version": "0.1.1",
      "resolved": "https://registry.npmjs.org/is-subset/-/is-subset-0.1.1.tgz",
      "integrity": "sha512-6Ybun0IkarhmEqxXCNw/C0bna6Zb/TkfUX9UbwJtK6ObwAVCxmAP308WWTHviM/zAqXk05cdhYsUsZeGQh99iw==",
      "license": "MIT"
    },
    "node_modules/lodash.mergewith": {
      "version": "4.6.2",
      "resolved": "https://registry.npmjs.org/lodash.mergewith/-/lodash.mergewith-4.6.2.tgz",
      "integrity": "sha512-GK3g5RPZWTRSeLSpgP8Xhra+pnjBC56q9FZYe1d5RN3TJ35dbkGy3YqBSMbyCrlbi+CM9Z3Jk5yTL7RCsqboyQ==",
      "license": "MIT"
    },
    "node_modules/regexparam": {
      "version": "3.0.0",
      "resolved": "https://registry.npmjs.org/regexparam/-/regexparam-3.0.0.tgz",
      "integrity": "sha512-RSYAtP31mvYLkAHrOlh25pCNQ5hWnT106VukGaaFfuJrZFkGRX5GhUAdPqpSDXxOhA2c4akmRuplv1mRqnBn6Q==",
      "license": "MIT",
      "engines": {
        "node": ">=8"
      }
    },
    "node_modules/typescript": {
      "version": "5.7.3",
      "resolved": "https://registry.npmjs.org/typescript/-/typescript-5.7.3.tgz",
      "integrity": "sha512-84MVSjMEHP+FQRPy3pX9sTVV/INIex71s9TL2Gm5FG/WG1SqXeKyZ0k7/blY/4FdOzI12CBy1vGc4og/eus0fw==",
      "license": "Apache-2.0",
      "bin": {
        "tsc": "bin/tsc",
        "tsserver": "bin/tsserver"
      },
      "engines": {
        "node": ">=14.17"
      }
    },
    "node_modules/undici-types": {
      "version": "5.26.5",
      "resolved": "https://registry.npmjs.org/undici-types/-/undici-types-5.26.5.tgz",
      "integrity": "sha512-JlCMO+ehdEIKqlFxk6IfVoAUVmgz7cU7zD/h9XZ0qzeosSHmUJVOzSQvvYSYWXkFXC+IfLKSIffhv0sVZup6pA=="
    }
  }
}
