{
  "name": "examples",
  "version": "1.0.0",
  "lockfileVersion": 3,
  "requires": true,
  "packages": {
    "": {
      "name": "examples",
      "version": "1.0.0",
      "dependencies": {
        "@kilterset/auth0-actions-testing": "file:.."
      }
    },
    "..": {
      "name": "@kilterset/auth0-actions-testing",
      "version": "0.1.0",
      "license": "ISC",
      "dependencies": {
        "@types/chance": "^1.1.6",
        "@types/fetch-mock": "^7.3.8",
        "@types/node": "^20.11.20",
        "chance": "^1.1.11",
        "fetch-mock": "^9.11.0",
        "fishery": "^2.2.2",
        "node-fetch": "^2.7.0",
        "typescript": "^5.3.3"
      },
      "devDependencies": {
        "@types/node-fetch": "^2.6.11"
      }
    },
    "node_modules/@kilterset/auth0-actions-testing": {
      "resolved": "..",
      "link": true
    }
  }
}
